
Microsoft Visual Studio Solution File, Format Version 12.00
# Visual Studio Version 17
VisualStudioVersion = 17.14.36616.10 d17.14
MinimumVisualStudioVersion = 10.0.40219.1
Project("{FAE04EC0-301F-11D3-BF4B-00C04F79EFBC}") = "neiro", "neiro\neiro.csproj", "{A2944FDD-D8F2-4711-98D1-11033C0C9B2D}"
EndProject
Global
	GlobalSection(SolutionConfigurationPlatforms) = preSolution
		Debug|Any CPU = Debug|Any CPU
		Release|Any CPU = Release|Any CPU
	EndGlobalSection
	GlobalSection(ProjectConfigurationPlatforms) = postSolution
		{A2944FDD-D8F2-4711-98D1-11033C0C9B2D}.Debug|Any CPU.ActiveCfg = Debug|Any CPU
		{A2944FDD-D8F2-4711-98D1-11033C0C9B2D}.Debug|Any CPU.Build.0 = Debug|Any CPU
		{A2944FDD-D8F2-4711-98D1-11033C0C9B2D}.Release|Any CPU.ActiveCfg = Release|Any CPU
		{A2944FDD-D8F2-4711-98D1-11033C0C9B2D}.Release|Any CPU.Build.0 = Release|Any CPU
	EndGlobalSection
	GlobalSection(SolutionProperties) = preSolution
		HideSolutionNode = FALSE
	EndGlobalSection
	GlobalSection(ExtensibilityGlobals) = postSolution
		SolutionGuid = {0346DE03-5F88-4B39-AA7A-EAB585E6B0E3}
	EndGlobalSection
EndGlobal
